
Microsoft Visual Studio Solution File, Format Version 12.00
# Visual Studio Version 17
VisualStudioVersion = 17.7.34031.279
MinimumVisualStudioVersion = 10.0.40219.1
Project("{9A19103F-16F7-4668-BE54-9A1E7A4F7556}") = "ConsoleApp2", "ConsoleApp2.csproj", "{4F75CAC3-5EBF-4DFB-8B51-8BED6C202CE7}"
EndProject
Project("{2150E333-8FDC-42A3-9474-1A3956D46DE8}") = "Элементы решения", "Элементы решения", "{B2CBEA71-253A-4745-852B-963640662D6C}"
EndProject
Global
	GlobalSection(SolutionConfigurationPlatforms) = preSolution
		Debug|Any CPU = Debug|Any CPU
		Release|Any CPU = Release|Any CPU
	EndGlobalSection
	GlobalSection(ProjectConfigurationPlatforms) = postSolution
		{4F75CAC3-5EBF-4DFB-8B51-8BED6C202CE7}.Debug|Any CPU.ActiveCfg = Debug|Any CPU
		{4F75CAC3-5EBF-4DFB-8B51-8BED6C202CE7}.Debug|Any CPU.Build.0 = Debug|Any CPU
		{4F75CAC3-5EBF-4DFB-8B51-8BED6C202CE7}.Release|Any CPU.ActiveCfg = Release|Any CPU
		{4F75CAC3-5EBF-4DFB-8B51-8BED6C202CE7}.Release|Any CPU.Build.0 = Release|Any CPU
	EndGlobalSection
	GlobalSection(SolutionProperties) = preSolution
		HideSolutionNode = FALSE
	EndGlobalSection
	GlobalSection(ExtensibilityGlobals) = postSolution
		SolutionGuid = {ACC9953F-1E09-4CCF-9D01-DEB6FF4F15E3}
	EndGlobalSection
EndGlobal
